
Microsoft Visual Studio Solution File, Format Version 12.00
# Visual Studio Version 17
VisualStudioVersion = 17.8.34330.188
MinimumVisualStudioVersion = 10.0.40219.1
Project("{FAE04EC0-301F-11D3-BF4B-00C04F79EFBC}") = "Wcf_chat", "Wcf_chat.csproj", "{0C69B016-0014-40F2-8CD4-4E0EA674C196}"
EndProject
Project("{FAE04EC0-301F-11D3-BF4B-00C04F79EFBC}") = "ChatHost", "..\ChatHost\ChatHost.csproj", "{9C877D19-FB6F-4E3C-BD11-54C71F2FBB9E}"
EndProject
Project("{FAE04EC0-301F-11D3-BF4B-00C04F79EFBC}") = "ChatClient", "..\ChatClient\ChatClient.csproj", "{7E08CC90-4FD6-4595-BF17-894242B37754}"
EndProject
Global
	GlobalSection(SolutionConfigurationPlatforms) = preSolution
		Debug|Any CPU = Debug|Any CPU
		Release|Any CPU = Release|Any CPU
	EndGlobalSection
	GlobalSection(ProjectConfigurationPlatforms) = postSolution
		{0C69B016-0014-40F2-8CD4-4E0EA674C196}.Debug|Any CPU.ActiveCfg = Debug|Any CPU
		{0C69B016-0014-40F2-8CD4-4E0EA674C196}.Debug|Any CPU.Build.0 = Debug|Any CPU
		{0C69B016-0014-40F2-8CD4-4E0EA674C196}.Release|Any CPU.ActiveCfg = Release|Any CPU
		{0C69B016-0014-40F2-8CD4-4E0EA674C196}.Release|Any CPU.Build.0 = Release|Any CPU
		{9C877D19-FB6F-4E3C-BD11-54C71F2FBB9E}.Debug|Any CPU.ActiveCfg = Debug|Any CPU
		{9C877D19-FB6F-4E3C-BD11-54C71F2FBB9E}.Debug|Any CPU.Build.0 = Debug|Any CPU
		{9C877D19-FB6F-4E3C-BD11-54C71F2FBB9E}.Release|Any CPU.ActiveCfg = Release|Any CPU
		{9C877D19-FB6F-4E3C-BD11-54C71F2FBB9E}.Release|Any CPU.Build.0 = Release|Any CPU
		{7E08CC90-4FD6-4595-BF17-894242B37754}.Debug|Any CPU.ActiveCfg = Debug|Any CPU
		{7E08CC90-4FD6-4595-BF17-894242B37754}.Debug|Any CPU.Build.0 = Debug|Any CPU
		{7E08CC90-4FD6-4595-BF17-894242B37754}.Release|Any CPU.ActiveCfg = Release|Any CPU
		{7E08CC90-4FD6-4595-BF17-894242B37754}.Release|Any CPU.Build.0 = Release|Any CPU
	EndGlobalSection
	GlobalSection(SolutionProperties) = preSolution
		HideSolutionNode = FALSE
	EndGlobalSection
	GlobalSection(ExtensibilityGlobals) = postSolution
		SolutionGuid = {8E453EF2-1319-4450-93DD-8A52EEC063DE}
	EndGlobalSection
EndGlobal
